// !$*UTF8*$!
{
	archiveVersion = 1;
	classes = {
	};
	objectVersion = 55;
	objects = {

/* Begin PBXBuildFile section */
		0B17A04C2879E2C4006613BD /* urlView.swift in Sources */ = {isa = PBXBuildFile; fileRef = 0B17A04B2879E2C4006613BD /* urlView.swift */; };
		0B17A04D2879E2C4006613BD /* urlView.swift in Sources */ = {isa = PBXBuildFile; fileRef = 0B17A04B2879E2C4006613BD /* urlView.swift */; };
		0B17A0502881F77C006613BD /* YouTubePlayerKit in Frameworks */ = {isa = PBXBuildFile; productRef = 0B17A04F2881F77C006613BD /* YouTubePlayerKit */; };
		0B88E24F2869EF0600233E0F /* FavoriteButton.swift in Sources */ = {isa = PBXBuildFile; fileRef = 0B88E24E2869EF0600233E0F /* FavoriteButton.swift */; };
		0B88E2502869EF0600233E0F /* FavoriteButton.swift in Sources */ = {isa = PBXBuildFile; fileRef = 0B88E24E2869EF0600233E0F /* FavoriteButton.swift */; };
		0B88E254286A082900233E0F /* CategoryHome.swift in Sources */ = {isa = PBXBuildFile; fileRef = 0B88E253286A082900233E0F /* CategoryHome.swift */; };
		0B88E255286A082900233E0F /* CategoryHome.swift in Sources */ = {isa = PBXBuildFile; fileRef = 0B88E253286A082900233E0F /* CategoryHome.swift */; };
		0B88E257286A090D00233E0F /* CategoryRow.swift in Sources */ = {isa = PBXBuildFile; fileRef = 0B88E256286A090D00233E0F /* CategoryRow.swift */; };
		0B88E258286A090D00233E0F /* CategoryRow.swift in Sources */ = {isa = PBXBuildFile; fileRef = 0B88E256286A090D00233E0F /* CategoryRow.swift */; };
		0B88E25A286A09F000233E0F /* CategoryItem.swift in Sources */ = {isa = PBXBuildFile; fileRef = 0B88E259286A09F000233E0F /* CategoryItem.swift */; };
		0B88E25B286A09F000233E0F /* CategoryItem.swift in Sources */ = {isa = PBXBuildFile; fileRef = 0B88E259286A09F000233E0F /* CategoryItem.swift */; };
		0BAD8C1A286816BE00A9676A /* Tests_iOS.swift in Sources */ = {isa = PBXBuildFile; fileRef = 0BAD8C19286816BE00A9676A /* Tests_iOS.swift */; };
		0BAD8C1C286816BE00A9676A /* Tests_iOSLaunchTests.swift in Sources */ = {isa = PBXBuildFile; fileRef = 0BAD8C1B286816BE00A9676A /* Tests_iOSLaunchTests.swift */; };
		0BAD8C26286816BE00A9676A /* Tests_macOS.swift in Sources */ = {isa = PBXBuildFile; fileRef = 0BAD8C25286816BE00A9676A /* Tests_macOS.swift */; };
		0BAD8C28286816BE00A9676A /* Tests_macOSLaunchTests.swift in Sources */ = {isa = PBXBuildFile; fileRef = 0BAD8C27286816BE00A9676A /* Tests_macOSLaunchTests.swift */; };
		0BAD8C29286816BE00A9676A /* ecoDesignerApp.swift in Sources */ = {isa = PBXBuildFile; fileRef = 0BAD8C01286816BB00A9676A /* ecoDesignerApp.swift */; };
		0BAD8C2A286816BE00A9676A /* ecoDesignerApp.swift in Sources */ = {isa = PBXBuildFile; fileRef = 0BAD8C01286816BB00A9676A /* ecoDesignerApp.swift */; };
		0BAD8C2B286816BE00A9676A /* ContentView.swift in Sources */ = {isa = PBXBuildFile; fileRef = 0BAD8C02286816BB00A9676A /* ContentView.swift */; };
		0BAD8C2C286816BE00A9676A /* ContentView.swift in Sources */ = {isa = PBXBuildFile; fileRef = 0BAD8C02286816BB00A9676A /* ContentView.swift */; };
		0BAD8C2D286816BE00A9676A /* Assets.xcassets in Resources */ = {isa = PBXBuildFile; fileRef = 0BAD8C03286816BE00A9676A /* Assets.xcassets */; };
		0BAD8C2E286816BE00A9676A /* Assets.xcassets in Resources */ = {isa = PBXBuildFile; fileRef = 0BAD8C03286816BE00A9676A /* Assets.xcassets */; };
		0BAD8C3E28681AF100A9676A /* circleImage.swift in Sources */ = {isa = PBXBuildFile; fileRef = 0BAD8C3D28681AF000A9676A /* circleImage.swift */; };
		0BAD8C3F28681AF100A9676A /* circleImage.swift in Sources */ = {isa = PBXBuildFile; fileRef = 0BAD8C3D28681AF000A9676A /* circleImage.swift */; };
		0BAD8C4128681C2E00A9676A /* MapView.swift in Sources */ = {isa = PBXBuildFile; fileRef = 0BAD8C4028681C2E00A9676A /* MapView.swift */; };
		0BAD8C4228681C2E00A9676A /* MapView.swift in Sources */ = {isa = PBXBuildFile; fileRef = 0BAD8C4028681C2E00A9676A /* MapView.swift */; };
		0BAD8C442868D2A400A9676A /* landmarkData.json in Resources */ = {isa = PBXBuildFile; fileRef = 0BAD8C432868D2A400A9676A /* landmarkData.json */; };
		0BAD8C452868D2A400A9676A /* landmarkData.json in Resources */ = {isa = PBXBuildFile; fileRef = 0BAD8C432868D2A400A9676A /* landmarkData.json */; };
		0BAD8C472868D2C400A9676A /* ecodesign.swift in Sources */ = {isa = PBXBuildFile; fileRef = 0BAD8C462868D2C400A9676A /* ecodesign.swift */; };
		0BAD8C482868D2C400A9676A /* ecodesign.swift in Sources */ = {isa = PBXBuildFile; fileRef = 0BAD8C462868D2C400A9676A /* ecodesign.swift */; };
		0BAD8C4A2868D3A100A9676A /* ModelData.swift in Sources */ = {isa = PBXBuildFile; fileRef = 0BAD8C492868D3A100A9676A /* ModelData.swift */; };
		0BAD8C4B2868D3A100A9676A /* ModelData.swift in Sources */ = {isa = PBXBuildFile; fileRef = 0BAD8C492868D3A100A9676A /* ModelData.swift */; };
		0BAD8C502868D51900A9676A /* ecoDesignRow.swift in Sources */ = {isa = PBXBuildFile; fileRef = 0BAD8C4F2868D51900A9676A /* ecoDesignRow.swift */; };
		0BAD8C512868D51900A9676A /* ecoDesignRow.swift in Sources */ = {isa = PBXBuildFile; fileRef = 0BAD8C4F2868D51900A9676A /* ecoDesignRow.swift */; };
		0BAD8C532868F36B00A9676A /* LandmarkList.swift in Sources */ = {isa = PBXBuildFile; fileRef = 0BAD8C522868F36B00A9676A /* LandmarkList.swift */; };
		0BAD8C542868F36B00A9676A /* LandmarkList.swift in Sources */ = {isa = PBXBuildFile; fileRef = 0BAD8C522868F36B00A9676A /* LandmarkList.swift */; };
		0BAD8C562868F44900A9676A /* LandmarkDetail.swift in Sources */ = {isa = PBXBuildFile; fileRef = 0BAD8C552868F44900A9676A /* LandmarkDetail.swift */; };
		0BAD8C572868F44900A9676A /* LandmarkDetail.swift in Sources */ = {isa = PBXBuildFile; fileRef = 0BAD8C552868F44900A9676A /* LandmarkDetail.swift */; };
/* End PBXBuildFile section */

/* Begin PBXContainerItemProxy section */
		0BAD8C16286816BE00A9676A /* PBXContainerItemProxy */ = {
			isa = PBXContainerItemProxy;
			containerPortal = 0BAD8BFC286816BB00A9676A /* Project object */;
			proxyType = 1;
			remoteGlobalIDString = 0BAD8C07286816BE00A9676A;
			remoteInfo = "ecoDesigner (iOS)";
		};
		0BAD8C22286816BE00A9676A /* PBXContainerItemProxy */ = {
			isa = PBXContainerItemProxy;
			containerPortal = 0BAD8BFC286816BB00A9676A /* Project object */;
			proxyType = 1;
			remoteGlobalIDString = 0BAD8C0D286816BE00A9676A;
			remoteInfo = "ecoDesigner (macOS)";
		};
/* End PBXContainerItemProxy section */

/* Begin PBXFileReference section */
		0B17A04B2879E2C4006613BD /* urlView.swift */ = {isa = PBXFileReference; lastKnownFileType = sourcecode.swift; path = urlView.swift; sourceTree = "<group>"; };
		0B88E24E2869EF0600233E0F /* FavoriteButton.swift */ = {isa = PBXFileReference; lastKnownFileType = sourcecode.swift; path = FavoriteButton.swift; sourceTree = "<group>"; };
		0B88E253286A082900233E0F /* CategoryHome.swift */ = {isa = PBXFileReference; lastKnownFileType = sourcecode.swift; path = CategoryHome.swift; sourceTree = "<group>"; };
		0B88E256286A090D00233E0F /* CategoryRow.swift */ = {isa = PBXFileReference; lastKnownFileType = sourcecode.swift; path = CategoryRow.swift; sourceTree = "<group>"; };
		0B88E259286A09F000233E0F /* CategoryItem.swift */ = {isa = PBXFileReference; lastKnownFileType = sourcecode.swift; path = CategoryItem.swift; sourceTree = "<group>"; };
		0BAD8C01286816BB00A9676A /* ecoDesignerApp.swift */ = {isa = PBXFileReference; lastKnownFileType = sourcecode.swift; path = ecoDesignerApp.swift; sourceTree = "<group>"; };
		0BAD8C02286816BB00A9676A /* ContentView.swift */ = {isa = PBXFileReference; lastKnownFileType = sourcecode.swift; path = ContentView.swift; sourceTree = "<group>"; };
		0BAD8C03286816BE00A9676A /* Assets.xcassets */ = {isa = PBXFileReference; lastKnownFileType = folder.assetcatalog; path = Assets.xcassets; sourceTree = "<group>"; };
		0BAD8C08286816BE00A9676A /* ecoDesigner.app */ = {isa = PBXFileReference; explicitFileType = wrapper.application; includeInIndex = 0; path = ecoDesigner.app; sourceTree = BUILT_PRODUCTS_DIR; };
		0BAD8C0E286816BE00A9676A /* ecoDesigner.app */ = {isa = PBXFileReference; explicitFileType = wrapper.application; includeInIndex = 0; path = ecoDesigner.app; sourceTree = BUILT_PRODUCTS_DIR; };
		0BAD8C10286816BE00A9676A /* macOS.entitlements */ = {isa = PBXFileReference; lastKnownFileType = text.plist.entitlements; path = macOS.entitlements; sourceTree = "<group>"; };
		0BAD8C15286816BE00A9676A /* Tests iOS.xctest */ = {isa = PBXFileReference; explicitFileType = wrapper.cfbundle; includeInIndex = 0; path = "Tests iOS.xctest"; sourceTree = BUILT_PRODUCTS_DIR; };
		0BAD8C19286816BE00A9676A /* Tests_iOS.swift */ = {isa = PBXFileReference; lastKnownFileType = sourcecode.swift; path = Tests_iOS.swift; sourceTree = "<group>"; };
		0BAD8C1B286816BE00A9676A /* Tests_iOSLaunchTests.swift */ = {isa = PBXFileReference; lastKnownFileType = sourcecode.swift; path = Tests_iOSLaunchTests.swift; sourceTree = "<group>"; };
		0BAD8C21286816BE00A9676A /* Tests macOS.xctest */ = {isa = PBXFileReference; explicitFileType = wrapper.cfbundle; includeInIndex = 0; path = "Tests macOS.xctest"; sourceTree = BUILT_PRODUCTS_DIR; };
		0BAD8C25286816BE00A9676A /* Tests_macOS.swift */ = {isa = PBXFileReference; lastKnownFileType = sourcecode.swift; path = Tests_macOS.swift; sourceTree = "<group>"; };
		0BAD8C27286816BE00A9676A /* Tests_macOSLaunchTests.swift */ = {isa = PBXFileReference; lastKnownFileType = sourcecode.swift; path = Tests_macOSLaunchTests.swift; sourceTree = "<group>"; };
		0BAD8C3D28681AF000A9676A /* circleImage.swift */ = {isa = PBXFileReference; lastKnownFileType = sourcecode.swift; path = circleImage.swift; sourceTree = "<group>"; };
		0BAD8C4028681C2E00A9676A /* MapView.swift */ = {isa = PBXFileReference; lastKnownFileType = sourcecode.swift; path = MapView.swift; sourceTree = "<group>"; };
		0BAD8C432868D2A400A9676A /* landmarkData.json */ = {isa = PBXFileReference; fileEncoding = 4; lastKnownFileType = text.json; path = landmarkData.json; sourceTree = "<group>"; };
		0BAD8C462868D2C400A9676A /* ecodesign.swift */ = {isa = PBXFileReference; lastKnownFileType = sourcecode.swift; path = ecodesign.swift; sourceTree = "<group>"; };
		0BAD8C492868D3A100A9676A /* ModelData.swift */ = {isa = PBXFileReference; lastKnownFileType = sourcecode.swift; path = ModelData.swift; sourceTree = "<group>"; };
		0BAD8C4F2868D51900A9676A /* ecoDesignRow.swift */ = {isa = PBXFileReference; lastKnownFileType = sourcecode.swift; path = ecoDesignRow.swift; sourceTree = "<group>"; };
		0BAD8C522868F36B00A9676A /* LandmarkList.swift */ = {isa = PBXFileReference; lastKnownFileType = sourcecode.swift; path = LandmarkList.swift; sourceTree = "<group>"; };
		0BAD8C552868F44900A9676A /* LandmarkDetail.swift */ = {isa = PBXFileReference; lastKnownFileType = sourcecode.swift; path = LandmarkDetail.swift; sourceTree = "<group>"; };
/* End PBXFileReference section */

/* Begin PBXFrameworksBuildPhase section */
		0BAD8C05286816BE00A9676A /* Frameworks */ = {
			isa = PBXFrameworksBuildPhase;
			buildActionMask = 2147483647;
			files = (
				0B17A0502881F77C006613BD /* YouTubePlayerKit in Frameworks */,
			);
			runOnlyForDeploymentPostprocessing = 0;
		};
		0BAD8C0B286816BE00A9676A /* Frameworks */ = {
			isa = PBXFrameworksBuildPhase;
			buildActionMask = 2147483647;
			files = (
			);
			runOnlyForDeploymentPostprocessing = 0;
		};
		0BAD8C12286816BE00A9676A /* Frameworks */ = {
			isa = PBXFrameworksBuildPhase;
			buildActionMask = 2147483647;
			files = (
			);
			runOnlyForDeploymentPostprocessing = 0;
		};
		0BAD8C1E286816BE00A9676A /* Frameworks */ = {
			isa = PBXFrameworksBuildPhase;
			buildActionMask = 2147483647;
			files = (
			);
			runOnlyForDeploymentPostprocessing = 0;
		};
/* End PBXFrameworksBuildPhase section */

/* Begin PBXGroup section */
		0B88E2512869EF9F00233E0F /* Helpers */ = {
			isa = PBXGroup;
			children = (
				0BAD8C3D28681AF000A9676A /* circleImage.swift */,
				0BAD8C4028681C2E00A9676A /* MapView.swift */,
				0B88E24E2869EF0600233E0F /* FavoriteButton.swift */,
				0B17A04B2879E2C4006613BD /* urlView.swift */,
			);
			path = Helpers;
			sourceTree = "<group>";
		};
		0B88E252286A07FD00233E0F /* Categories */ = {
			isa = PBXGroup;
			children = (
				0B88E253286A082900233E0F /* CategoryHome.swift */,
				0B88E256286A090D00233E0F /* CategoryRow.swift */,
				0B88E259286A09F000233E0F /* CategoryItem.swift */,
			);
			path = Categories;
			sourceTree = "<group>";
		};
		0BAD8BFB286816BB00A9676A = {
			isa = PBXGroup;
			children = (
				0BAD8C00286816BB00A9676A /* Shared */,
				0BAD8C0F286816BE00A9676A /* macOS */,
				0BAD8C18286816BE00A9676A /* Tests iOS */,
				0BAD8C24286816BE00A9676A /* Tests macOS */,
				0BAD8C09286816BE00A9676A /* Products */,
			);
			sourceTree = "<group>";
		};
		0BAD8C00286816BB00A9676A /* Shared */ = {
			isa = PBXGroup;
			children = (
				0B88E252286A07FD00233E0F /* Categories */,
				0BAD8C01286816BB00A9676A /* ecoDesignerApp.swift */,
				0BAD8C4C2868D43300A9676A /* Views */,
				0BAD8C4D2868D45E00A9676A /* Model */,
				0BAD8C4E2868D46D00A9676A /* Resources */,
				0BAD8C03286816BE00A9676A /* Assets.xcassets */,
			);
			path = Shared;
			sourceTree = "<group>";
		};
		0BAD8C09286816BE00A9676A /* Products */ = {
			isa = PBXGroup;
			children = (
				0BAD8C08286816BE00A9676A /* ecoDesigner.app */,
				0BAD8C0E286816BE00A9676A /* ecoDesigner.app */,
				0BAD8C15286816BE00A9676A /* Tests iOS.xctest */,
				0BAD8C21286816BE00A9676A /* Tests macOS.xctest */,
			);
			name = Products;
			sourceTree = "<group>";
		};
		0BAD8C0F286816BE00A9676A /* macOS */ = {
			isa = PBXGroup;
			children = (
				0BAD8C10286816BE00A9676A /* macOS.entitlements */,
			);
			path = macOS;
			sourceTree = "<group>";
		};
		0BAD8C18286816BE00A9676A /* Tests iOS */ = {
			isa = PBXGroup;
			children = (
				0BAD8C19286816BE00A9676A /* Tests_iOS.swift */,
				0BAD8C1B286816BE00A9676A /* Tests_iOSLaunchTests.swift */,
			);
			path = "Tests iOS";
			sourceTree = "<group>";
		};
		0BAD8C24286816BE00A9676A /* Tests macOS */ = {
			isa = PBXGroup;
			children = (
				0BAD8C25286816BE00A9676A /* Tests_macOS.swift */,
				0BAD8C27286816BE00A9676A /* Tests_macOSLaunchTests.swift */,
			);
			path = "Tests macOS";
			sourceTree = "<group>";
		};
		0BAD8C4C2868D43300A9676A /* Views */ = {
			isa = PBXGroup;
			children = (
				0B88E2512869EF9F00233E0F /* Helpers */,
				0BAD8C02286816BB00A9676A /* ContentView.swift */,
				0BAD8C4F2868D51900A9676A /* ecoDesignRow.swift */,
				0BAD8C522868F36B00A9676A /* LandmarkList.swift */,
				0BAD8C552868F44900A9676A /* LandmarkDetail.swift */,
			);
			path = Views;
			sourceTree = "<group>";
		};
		0BAD8C4D2868D45E00A9676A /* Model */ = {
			isa = PBXGroup;
			children = (
				0BAD8C492868D3A100A9676A /* ModelData.swift */,
				0BAD8C462868D2C400A9676A /* ecodesign.swift */,
			);
			path = Model;
			sourceTree = "<group>";
		};
		0BAD8C4E2868D46D00A9676A /* Resources */ = {
			isa = PBXGroup;
			children = (
				0BAD8C432868D2A400A9676A /* landmarkData.json */,
			);
			path = Resources;
			sourceTree = "<group>";
		};
/* End PBXGroup section */

/* Begin PBXNativeTarget section */
		0BAD8C07286816BE00A9676A /* ecoDesigner (iOS) */ = {
			isa = PBXNativeTarget;
			buildConfigurationList = 0BAD8C31286816BE00A9676A /* Build configuration list for PBXNativeTarget "ecoDesigner (iOS)" */;
			buildPhases = (
				0BAD8C04286816BE00A9676A /* Sources */,
				0BAD8C05286816BE00A9676A /* Frameworks */,
				0BAD8C06286816BE00A9676A /* Resources */,
			);
			buildRules = (
			);
			dependencies = (
			);
			name = "ecoDesigner (iOS)";
			packageProductDependencies = (
				0B17A04F2881F77C006613BD /* YouTubePlayerKit */,
			);
			productName = "ecoDesigner (iOS)";
			productReference = 0BAD8C08286816BE00A9676A /* ecoDesigner.app */;
			productType = "com.apple.product-type.application";
		};
		0BAD8C0D286816BE00A9676A /* ecoDesigner (macOS) */ = {
			isa = PBXNativeTarget;
			buildConfigurationList = 0BAD8C34286816BE00A9676A /* Build configuration list for PBXNativeTarget "ecoDesigner (macOS)" */;
			buildPhases = (
				0BAD8C0A286816BE00A9676A /* Sources */,
				0BAD8C0B286816BE00A9676A /* Frameworks */,
				0BAD8C0C286816BE00A9676A /* Resources */,
			);
			buildRules = (
			);
			dependencies = (
			);
			name = "ecoDesigner (macOS)";
			productName = "ecoDesigner (macOS)";
			productReference = 0BAD8C0E286816BE00A9676A /* ecoDesigner.app */;
			productType = "com.apple.product-type.application";
		};
		0BAD8C14286816BE00A9676A /* Tests iOS */ = {
			isa = PBXNativeTarget;
			buildConfigurationList = 0BAD8C37286816BE00A9676A /* Build configuration list for PBXNativeTarget "Tests iOS" */;
			buildPhases = (
				0BAD8C11286816BE00A9676A /* Sources */,
				0BAD8C12286816BE00A9676A /* Frameworks */,
				0BAD8C13286816BE00A9676A /* Resources */,
			);
			buildRules = (
			);
			dependencies = (
				0BAD8C17286816BE00A9676A /* PBXTargetDependency */,
			);
			name = "Tests iOS";
			productName = "Tests iOS";
			productReference = 0BAD8C15286816BE00A9676A /* Tests iOS.xctest */;
			productType = "com.apple.product-type.bundle.ui-testing";
		};
		0BAD8C20286816BE00A9676A /* Tests macOS */ = {
			isa = PBXNativeTarget;
			buildConfigurationList = 0BAD8C3A286816BE00A9676A /* Build configuration list for PBXNativeTarget "Tests macOS" */;
			buildPhases = (
				0BAD8C1D286816BE00A9676A /* Sources */,
				0BAD8C1E286816BE00A9676A /* Frameworks */,
				0BAD8C1F286816BE00A9676A /* Resources */,
			);
			buildRules = (
			);
			dependencies = (
				0BAD8C23286816BE00A9676A /* PBXTargetDependency */,
			);
			name = "Tests macOS";
			productName = "Tests macOS";
			productReference = 0BAD8C21286816BE00A9676A /* Tests macOS.xctest */;
			productType = "com.apple.product-type.bundle.ui-testing";
		};
/* End PBXNativeTarget section */

/* Begin PBXProject section */
		0BAD8BFC286816BB00A9676A /* Project object */ = {
			isa = PBXProject;
			attributes = {
				BuildIndependentTargetsInParallel = 1;
				LastSwiftUpdateCheck = 1340;
				LastUpgradeCheck = 1340;
				TargetAttributes = {
					0BAD8C07286816BE00A9676A = {
						CreatedOnToolsVersion = 13.4.1;
					};
					0BAD8C0D286816BE00A9676A = {
						CreatedOnToolsVersion = 13.4.1;
					};
					0BAD8C14286816BE00A9676A = {
						CreatedOnToolsVersion = 13.4.1;
						TestTargetID = 0BAD8C07286816BE00A9676A;
					};
					0BAD8C20286816BE00A9676A = {
						CreatedOnToolsVersion = 13.4.1;
						TestTargetID = 0BAD8C0D286816BE00A9676A;
					};
				};
			};
			buildConfigurationList = 0BAD8BFF286816BB00A9676A /* Build configuration list for PBXProject "ecoDesigner" */;
			compatibilityVersion = "Xcode 13.0";
			developmentRegion = en;
			hasScannedForEncodings = 0;
			knownRegions = (
				en,
				Base,
			);
			mainGroup = 0BAD8BFB286816BB00A9676A;
			packageReferences = (
				0B17A04E2881F77C006613BD /* XCRemoteSwiftPackageReference "YouTubePlayerKit" */,
			);
			productRefGroup = 0BAD8C09286816BE00A9676A /* Products */;
			projectDirPath = "";
			projectRoot = "";
			targets = (
				0BAD8C07286816BE00A9676A /* ecoDesigner (iOS) */,
				0BAD8C0D286816BE00A9676A /* ecoDesigner (macOS) */,
				0BAD8C14286816BE00A9676A /* Tests iOS */,
				0BAD8C20286816BE00A9676A /* Tests macOS */,
			);
		};
/* End PBXProject section */

/* Begin PBXResourcesBuildPhase section */
		0BAD8C06286816BE00A9676A /* Resources */ = {
			isa = PBXResourcesBuildPhase;
			buildActionMask = 2147483647;
			files = (
				0BAD8C2D286816BE00A9676A /* Assets.xcassets in Resources */,
				0BAD8C442868D2A400A9676A /* landmarkData.json in Resources */,
			);
			runOnlyForDeploymentPostprocessing = 0;
		};
		0BAD8C0C286816BE00A9676A /* Resources */ = {
			isa = PBXResourcesBuildPhase;
			buildActionMask = 2147483647;
			files = (
				0BAD8C2E286816BE00A9676A /* Assets.xcassets in Resources */,
				0BAD8C452868D2A400A9676A /* landmarkData.json in Resources */,
			);
			runOnlyForDeploymentPostprocessing = 0;
		};
		0BAD8C13286816BE00A9676A /* Resources */ = {
			isa = PBXResourcesBuildPhase;
			buildActionMask = 2147483647;
			files = (
			);
			runOnlyForDeploymentPostprocessing = 0;
		};
		0BAD8C1F286816BE00A9676A /* Resources */ = {
			isa = PBXResourcesBuildPhase;
			buildActionMask = 2147483647;
			files = (
			);
			runOnlyForDeploymentPostprocessing = 0;
		};
/* End PBXResourcesBuildPhase section */

/* Begin PBXSourcesBuildPhase section */
		0BAD8C04286816BE00A9676A /* Sources */ = {
			isa = PBXSourcesBuildPhase;
			buildActionMask = 2147483647;
			files = (
				0B17A04C2879E2C4006613BD /* urlView.swift in Sources */,
				0BAD8C3E28681AF100A9676A /* circleImage.swift in Sources */,
				0BAD8C4128681C2E00A9676A /* MapView.swift in Sources */,
				0BAD8C502868D51900A9676A /* ecoDesignRow.swift in Sources */,
				0B88E24F2869EF0600233E0F /* FavoriteButton.swift in Sources */,
				0B88E254286A082900233E0F /* CategoryHome.swift in Sources */,
				0BAD8C532868F36B00A9676A /* LandmarkList.swift in Sources */,
				0BAD8C562868F44900A9676A /* LandmarkDetail.swift in Sources */,
				0BAD8C2B286816BE00A9676A /* ContentView.swift in Sources */,
				0B88E25A286A09F000233E0F /* CategoryItem.swift in Sources */,
				0BAD8C472868D2C400A9676A /* ecodesign.swift in Sources */,
				0BAD8C29286816BE00A9676A /* ecoDesignerApp.swift in Sources */,
				0B88E257286A090D00233E0F /* CategoryRow.swift in Sources */,
				0BAD8C4A2868D3A100A9676A /* ModelData.swift in Sources */,
			);
			runOnlyForDeploymentPostprocessing = 0;
		};
		0BAD8C0A286816BE00A9676A /* Sources */ = {
			isa = PBXSourcesBuildPhase;
			buildActionMask = 2147483647;
			files = (
				0B17A04D2879E2C4006613BD /* urlView.swift in Sources */,
				0BAD8C3F28681AF100A9676A /* circleImage.swift in Sources */,
				0BAD8C4228681C2E00A9676A /* MapView.swift in Sources */,
				0BAD8C512868D51900A9676A /* ecoDesignRow.swift in Sources */,
				0B88E2502869EF0600233E0F /* FavoriteButton.swift in Sources */,
				0B88E255286A082900233E0F /* CategoryHome.swift in Sources */,
				0BAD8C542868F36B00A9676A /* LandmarkList.swift in Sources */,
				0BAD8C572868F44900A9676A /* LandmarkDetail.swift in Sources */,
				0BAD8C2C286816BE00A9676A /* ContentView.swift in Sources */,
				0B88E25B286A09F000233E0F /* CategoryItem.swift in Sources */,
				0BAD8C482868D2C400A9676A /* ecodesign.swift in Sources */,
				0BAD8C2A286816BE00A9676A /* ecoDesignerApp.swift in Sources */,
				0B88E258286A090D00233E0F /* CategoryRow.swift in Sources */,
				0BAD8C4B2868D3A100A9676A /* ModelData.swift in Sources */,
			);
			runOnlyForDeploymentPostprocessing = 0;
		};
		0BAD8C11286816BE00A9676A /* Sources */ = {
			isa = PBXSourcesBuildPhase;
			buildActionMask = 2147483647;
			files = (
				0BAD8C1C286816BE00A9676A /* Tests_iOSLaunchTests.swift in Sources */,
				0BAD8C1A286816BE00A9676A /* Tests_iOS.swift in Sources */,
			);
			runOnlyForDeploymentPostprocessing = 0;
		};
		0BAD8C1D286816BE00A9676A /* Sources */ = {
			isa = PBXSourcesBuildPhase;
			buildActionMask = 2147483647;
			files = (
				0BAD8C28286816BE00A9676A /* Tests_macOSLaunchTests.swift in Sources */,
				0BAD8C26286816BE00A9676A /* Tests_macOS.swift in Sources */,
			);
			runOnlyForDeploymentPostprocessing = 0;
		};
/* End PBXSourcesBuildPhase section */

/* Begin PBXTargetDependency section */
		0BAD8C17286816BE00A9676A /* PBXTargetDependency */ = {
			isa = PBXTargetDependency;
			target = 0BAD8C07286816BE00A9676A /* ecoDesigner (iOS) */;
			targetProxy = 0BAD8C16286816BE00A9676A /* PBXContainerItemProxy */;
		};
		0BAD8C23286816BE00A9676A /* PBXTargetDependency */ = {
			isa = PBXTargetDependency;
			target = 0BAD8C0D286816BE00A9676A /* ecoDesigner (macOS) */;
			targetProxy = 0BAD8C22286816BE00A9676A /* PBXContainerItemProxy */;
		};
/* End PBXTargetDependency section */

/* Begin XCBuildConfiguration section */
		0BAD8C2F286816BE00A9676A /* Debug */ = {
			isa = XCBuildConfiguration;
			buildSettings = {
				ALWAYS_SEARCH_USER_PATHS = NO;
				CLANG_ANALYZER_NONNULL = YES;
				CLANG_ANALYZER_NUMBER_OBJECT_CONVERSION = YES_AGGRESSIVE;
				CLANG_CXX_LANGUAGE_STANDARD = "gnu++17";
				CLANG_ENABLE_MODULES = YES;
				CLANG_ENABLE_OBJC_ARC = YES;
				CLANG_ENABLE_OBJC_WEAK = YES;
				CLANG_WARN_BLOCK_CAPTURE_AUTORELEASING = YES;
				CLANG_WARN_BOOL_CONVERSION = YES;
				CLANG_WARN_COMMA = YES;
				CLANG_WARN_CONSTANT_CONVERSION = YES;
				CLANG_WARN_DEPRECATED_OBJC_IMPLEMENTATIONS = YES;
				CLANG_WARN_DIRECT_OBJC_ISA_USAGE = YES_ERROR;
				CLANG_WARN_DOCUMENTATION_COMMENTS = YES;
				CLANG_WARN_EMPTY_BODY = YES;
				CLANG_WARN_ENUM_CONVERSION = YES;
				CLANG_WARN_INFINITE_RECURSION = YES;
				CLANG_WARN_INT_CONVERSION = YES;
				CLANG_WARN_NON_LITERAL_NULL_CONVERSION = YES;
				CLANG_WARN_OBJC_IMPLICIT_RETAIN_SELF = YES;
				CLANG_WARN_OBJC_LITERAL_CONVERSION = YES;
				CLANG_WARN_OBJC_ROOT_CLASS = YES_ERROR;
				CLANG_WARN_QUOTED_INCLUDE_IN_FRAMEWORK_HEADER = YES;
				CLANG_WARN_RANGE_LOOP_ANALYSIS = YES;
				CLANG_WARN_STRICT_PROTOTYPES = YES;
				CLANG_WARN_SUSPICIOUS_MOVE = YES;
				CLANG_WARN_UNGUARDED_AVAILABILITY = YES_AGGRESSIVE;
				CLANG_WARN_UNREACHABLE_CODE = YES;
				CLANG_WARN__DUPLICATE_METHOD_MATCH = YES;
				COPY_PHASE_STRIP = NO;
				DEBUG_INFORMATION_FORMAT = dwarf;
				ENABLE_STRICT_OBJC_MSGSEND = YES;
				ENABLE_TESTABILITY = YES;
				GCC_C_LANGUAGE_STANDARD = gnu11;
				GCC_DYNAMIC_NO_PIC = NO;
				GCC_NO_COMMON_BLOCKS = YES;
				GCC_OPTIMIZATION_LEVEL = 0;
				GCC_PREPROCESSOR_DEFINITIONS = (
					"DEBUG=1",
					"$(inherited)",
				);
				GCC_WARN_64_TO_32_BIT_CONVERSION = YES;
				GCC_WARN_ABOUT_RETURN_TYPE = YES_ERROR;
				GCC_WARN_UNDECLARED_SELECTOR = YES;
				GCC_WARN_UNINITIALIZED_AUTOS = YES_AGGRESSIVE;
				GCC_WARN_UNUSED_FUNCTION = YES;
				GCC_WARN_UNUSED_VARIABLE = YES;
				MTL_ENABLE_DEBUG_INFO = INCLUDE_SOURCE;
				MTL_FAST_MATH = YES;
				ONLY_ACTIVE_ARCH = YES;
				SWIFT_ACTIVE_COMPILATION_CONDITIONS = DEBUG;
				SWIFT_OPTIMIZATION_LEVEL = "-Onone";
			};
			name = Debug;
		};
		0BAD8C30286816BE00A9676A /* Release */ = {
			isa = XCBuildConfiguration;
			buildSettings = {
				ALWAYS_SEARCH_USER_PATHS = NO;
				CLANG_ANALYZER_NONNULL = YES;
				CLANG_ANALYZER_NUMBER_OBJECT_CONVERSION = YES_AGGRESSIVE;
				CLANG_CXX_LANGUAGE_STANDARD = "gnu++17";
				CLANG_ENABLE_MODULES = YES;
				CLANG_ENABLE_OBJC_ARC = YES;
				CLANG_ENABLE_OBJC_WEAK = YES;
				CLANG_WARN_BLOCK_CAPTURE_AUTORELEASING = YES;
				CLANG_WARN_BOOL_CONVERSION = YES;
				CLANG_WARN_COMMA = YES;
				CLANG_WARN_CONSTANT_CONVERSION = YES;
				CLANG_WARN_DEPRECATED_OBJC_IMPLEMENTATIONS = YES;
				CLANG_WARN_DIRECT_OBJC_ISA_USAGE = YES_ERROR;
				CLANG_WARN_DOCUMENTATION_COMMENTS = YES;
				CLANG_WARN_EMPTY_BODY = YES;
				CLANG_WARN_ENUM_CONVERSION = YES;
				CLANG_WARN_INFINITE_RECURSION = YES;
				CLANG_WARN_INT_CONVERSION = YES;
				CLANG_WARN_NON_LITERAL_NULL_CONVERSION = YES;
				CLANG_WARN_OBJC_IMPLICIT_RETAIN_SELF = YES;
				CLANG_WARN_OBJC_LITERAL_CONVERSION = YES;
				CLANG_WARN_OBJC_ROOT_CLASS = YES_ERROR;
				CLANG_WARN_QUOTED_INCLUDE_IN_FRAMEWORK_HEADER = YES;
				CLANG_WARN_RANGE_LOOP_ANALYSIS = YES;
				CLANG_WARN_STRICT_PROTOTYPES = YES;
				CLANG_WARN_SUSPICIOUS_MOVE = YES;
				CLANG_WARN_UNGUARDED_AVAILABILITY = YES_AGGRESSIVE;
				CLANG_WARN_UNREACHABLE_CODE = YES;
				CLANG_WARN__DUPLICATE_METHOD_MATCH = YES;
				COPY_PHASE_STRIP = NO;
				DEBUG_INFORMATION_FORMAT = "dwarf-with-dsym";
				ENABLE_NS_ASSERTIONS = NO;
				ENABLE_STRICT_OBJC_MSGSEND = YES;
				GCC_C_LANGUAGE_STANDARD = gnu11;
				GCC_NO_COMMON_BLOCKS = YES;
				GCC_WARN_64_TO_32_BIT_CONVERSION = YES;
				GCC_WARN_ABOUT_RETURN_TYPE = YES_ERROR;
				GCC_WARN_UNDECLARED_SELECTOR = YES;
				GCC_WARN_UNINITIALIZED_AUTOS = YES_AGGRESSIVE;
				GCC_WARN_UNUSED_FUNCTION = YES;
				GCC_WARN_UNUSED_VARIABLE = YES;
				MTL_ENABLE_DEBUG_INFO = NO;
				MTL_FAST_MATH = YES;
				SWIFT_COMPILATION_MODE = wholemodule;
				SWIFT_OPTIMIZATION_LEVEL = "-O";
			};
			name = Release;
		};
		0BAD8C32286816BE00A9676A /* Debug */ = {
			isa = XCBuildConfiguration;
			buildSettings = {
				ASSETCATALOG_COMPILER_APPICON_NAME = AppIcon;
				ASSETCATALOG_COMPILER_GLOBAL_ACCENT_COLOR_NAME = AccentColor;
				CODE_SIGN_STYLE = Automatic;
				CURRENT_PROJECT_VERSION = 1;
				DEVELOPMENT_TEAM = UJKU4XUAJW;
				ENABLE_PREVIEWS = YES;
				GENERATE_INFOPLIST_FILE = YES;
				INFOPLIST_KEY_UIApplicationSceneManifest_Generation = YES;
				INFOPLIST_KEY_UIApplicationSupportsIndirectInputEvents = YES;
				INFOPLIST_KEY_UILaunchScreen_Generation = YES;
				INFOPLIST_KEY_UISupportedInterfaceOrientations_iPad = "UIInterfaceOrientationPortrait UIInterfaceOrientationPortraitUpsideDown UIInterfaceOrientationLandscapeLeft UIInterfaceOrientationLandscapeRight";
				INFOPLIST_KEY_UISupportedInterfaceOrientations_iPhone = "UIInterfaceOrientationPortrait UIInterfaceOrientationLandscapeLeft UIInterfaceOrientationLandscapeRight";
				IPHONEOS_DEPLOYMENT_TARGET = 15.5;
				LD_RUNPATH_SEARCH_PATHS = (
					"$(inherited)",
					"@executable_path/Frameworks",
				);
				MARKETING_VERSION = 1.0;
				PRODUCT_BUNDLE_IDENTIFIER = arliack.ecoDesigner;
				PRODUCT_NAME = ecoDesigner;
				SDKROOT = iphoneos;
				SWIFT_EMIT_LOC_STRINGS = YES;
				SWIFT_VERSION = 5.0;
				TARGETED_DEVICE_FAMILY = "1,2";
			};
			name = Debug;
		};
		0BAD8C33286816BE00A9676A /* Release */ = {
			isa = XCBuildConfiguration;
			buildSettings = {
				ASSETCATALOG_COMPILER_APPICON_NAME = AppIcon;
				ASSETCATALOG_COMPILER_GLOBAL_ACCENT_COLOR_NAME = AccentColor;
				CODE_SIGN_STYLE = Automatic;
				CURRENT_PROJECT_VERSION = 1;
				DEVELOPMENT_TEAM = UJKU4XUAJW;
				ENABLE_PREVIEWS = YES;
				GENERATE_INFOPLIST_FILE = YES;
				INFOPLIST_KEY_UIApplicationSceneManifest_Generation = YES;
				INFOPLIST_KEY_UIApplicationSupportsIndirectInputEvents = YES;
				INFOPLIST_KEY_UILaunchScreen_Generation = YES;
				INFOPLIST_KEY_UISupportedInterfaceOrientations_iPad = "UIInterfaceOrientationPortrait UIInterfaceOrientationPortraitUpsideDown UIInterfaceOrientationLandscapeLeft UIInterfaceOrientationLandscapeRight";
				INFOPLIST_KEY_UISupportedInterfaceOrientations_iPhone = "UIInterfaceOrientationPortrait UIInterfaceOrientationLandscapeLeft UIInterfaceOrientationLandscapeRight";
				IPHONEOS_DEPLOYMENT_TARGET = 15.5;
				LD_RUNPATH_SEARCH_PATHS = (
					"$(inherited)",
					"@executable_path/Frameworks",
				);
				MARKETING_VERSION = 1.0;
				PRODUCT_BUNDLE_IDENTIFIER = arliack.ecoDesigner;
				PRODUCT_NAME = ecoDesigner;
				SDKROOT = iphoneos;
				SWIFT_EMIT_LOC_STRINGS = YES;
				SWIFT_VERSION = 5.0;
				TARGETED_DEVICE_FAMILY = "1,2";
				VALIDATE_PRODUCT = YES;
			};
			name = Release;
		};
		0BAD8C35286816BE00A9676A /* Debug */ = {
			isa = XCBuildConfiguration;
			buildSettings = {
				ASSETCATALOG_COMPILER_APPICON_NAME = AppIcon;
				ASSETCATALOG_COMPILER_GLOBAL_ACCENT_COLOR_NAME = AccentColor;
				CODE_SIGN_ENTITLEMENTS = macOS/macOS.entitlements;
				CODE_SIGN_STYLE = Automatic;
				COMBINE_HIDPI_IMAGES = YES;
				CURRENT_PROJECT_VERSION = 1;
				DEVELOPMENT_TEAM = UJKU4XUAJW;
				ENABLE_HARDENED_RUNTIME = YES;
				ENABLE_PREVIEWS = YES;
				GENERATE_INFOPLIST_FILE = YES;
				INFOPLIST_KEY_NSHumanReadableCopyright = "";
				LD_RUNPATH_SEARCH_PATHS = (
					"$(inherited)",
					"@executable_path/../Frameworks",
				);
				MACOSX_DEPLOYMENT_TARGET = 12.3;
				MARKETING_VERSION = 1.0;
				PRODUCT_BUNDLE_IDENTIFIER = arliack.ecoDesigner;
				PRODUCT_NAME = ecoDesigner;
				SDKROOT = macosx;
				SWIFT_EMIT_LOC_STRINGS = YES;
				SWIFT_VERSION = 5.0;
			};
			name = Debug;
		};
		0BAD8C36286816BE00A9676A /* Release */ = {
			isa = XCBuildConfiguration;
			buildSettings = {
				ASSETCATALOG_COMPILER_APPICON_NAME = AppIcon;
				ASSETCATALOG_COMPILER_GLOBAL_ACCENT_COLOR_NAME = AccentColor;
				CODE_SIGN_ENTITLEMENTS = macOS/macOS.entitlements;
				CODE_SIGN_STYLE = Automatic;
				COMBINE_HIDPI_IMAGES = YES;
				CURRENT_PROJECT_VERSION = 1;
				DEVELOPMENT_TEAM = UJKU4XUAJW;
				ENABLE_HARDENED_RUNTIME = YES;
				ENABLE_PREVIEWS = YES;
				GENERATE_INFOPLIST_FILE = YES;
				INFOPLIST_KEY_NSHumanReadableCopyright = "";
				LD_RUNPATH_SEARCH_PATHS = (
					"$(inherited)",
					"@executable_path/../Frameworks",
				);
				MACOSX_DEPLOYMENT_TARGET = 12.3;
				MARKETING_VERSION = 1.0;
				PRODUCT_BUNDLE_IDENTIFIER = arliack.ecoDesigner;
				PRODUCT_NAME = ecoDesigner;
				SDKROOT = macosx;
				SWIFT_EMIT_LOC_STRINGS = YES;
				SWIFT_VERSION = 5.0;
			};
			name = Release;
		};
		0BAD8C38286816BE00A9676A /* Debug */ = {
			isa = XCBuildConfiguration;
			buildSettings = {
				ALWAYS_EMBED_SWIFT_STANDARD_LIBRARIES = YES;
				CODE_SIGN_STYLE = Automatic;
				CURRENT_PROJECT_VERSION = 1;
				DEVELOPMENT_TEAM = UJKU4XUAJW;
				GENERATE_INFOPLIST_FILE = YES;
				IPHONEOS_DEPLOYMENT_TARGET = 15.5;
				MARKETING_VERSION = 1.0;
				PRODUCT_BUNDLE_IDENTIFIER = "arliack.Tests-iOS";
				PRODUCT_NAME = "$(TARGET_NAME)";
				SDKROOT = iphoneos;
				SWIFT_EMIT_LOC_STRINGS = NO;
				SWIFT_VERSION = 5.0;
				TARGETED_DEVICE_FAMILY = "1,2";
				TEST_TARGET_NAME = "ecoDesigner (iOS)";
			};
			name = Debug;
		};
		0BAD8C39286816BE00A9676A /* Release */ = {
			isa = XCBuildConfiguration;
			buildSettings = {
				ALWAYS_EMBED_SWIFT_STANDARD_LIBRARIES = YES;
				CODE_SIGN_STYLE = Automatic;
				CURRENT_PROJECT_VERSION = 1;
				DEVELOPMENT_TEAM = UJKU4XUAJW;
				GENERATE_INFOPLIST_FILE = YES;
				IPHONEOS_DEPLOYMENT_TARGET = 15.5;
				MARKETING_VERSION = 1.0;
				PRODUCT_BUNDLE_IDENTIFIER = "arliack.Tests-iOS";
				PRODUCT_NAME = "$(TARGET_NAME)";
				SDKROOT = iphoneos;
				SWIFT_EMIT_LOC_STRINGS = NO;
				SWIFT_VERSION = 5.0;
				TARGETED_DEVICE_FAMILY = "1,2";
				TEST_TARGET_NAME = "ecoDesigner (iOS)";
				VALIDATE_PRODUCT = YES;
			};
			name = Release;
		};
		0BAD8C3B286816BE00A9676A /* Debug */ = {
			isa = XCBuildConfiguration;
			buildSettings = {
				ALWAYS_EMBED_SWIFT_STANDARD_LIBRARIES = YES;
				CODE_SIGN_STYLE = Automatic;
				CURRENT_PROJECT_VERSION = 1;
				DEVELOPMENT_TEAM = UJKU4XUAJW;
				GENERATE_INFOPLIST_FILE = YES;
				MACOSX_DEPLOYMENT_TARGET = 12.3;
				MARKETING_VERSION = 1.0;
				PRODUCT_BUNDLE_IDENTIFIER = "arliack.Tests-macOS";
				PRODUCT_NAME = "$(TARGET_NAME)";
				SDKROOT = macosx;
				SWIFT_EMIT_LOC_STRINGS = NO;
				SWIFT_VERSION = 5.0;
				TEST_TARGET_NAME = "ecoDesigner (macOS)";
			};
			name = Debug;
		};
		0BAD8C3C286816BE00A9676A /* Release */ = {
			isa = XCBuildConfiguration;
			buildSettings = {
				ALWAYS_EMBED_SWIFT_STANDARD_LIBRARIES = YES;
				CODE_SIGN_STYLE = Automatic;
				CURRENT_PROJECT_VERSION = 1;
				DEVELOPMENT_TEAM = UJKU4XUAJW;
				GENERATE_INFOPLIST_FILE = YES;
				MACOSX_DEPLOYMENT_TARGET = 12.3;
				MARKETING_VERSION = 1.0;
				PRODUCT_BUNDLE_IDENTIFIER = "arliack.Tests-macOS";
				PRODUCT_NAME = "$(TARGET_NAME)";
				SDKROOT = macosx;
				SWIFT_EMIT_LOC_STRINGS = NO;
				SWIFT_VERSION = 5.0;
				TEST_TARGET_NAME = "ecoDesigner (macOS)";
			};
			name = Release;
		};
/* End XCBuildConfiguration section */

/* Begin XCConfigurationList section */
		0BAD8BFF286816BB00A9676A /* Build configuration list for PBXProject "ecoDesigner" */ = {
			isa = XCConfigurationList;
			buildConfigurations = (
				0BAD8C2F286816BE00A9676A /* Debug */,
				0BAD8C30286816BE00A9676A /* Release */,
			);
			defaultConfigurationIsVisible = 0;
			defaultConfigurationName = Release;
		};
		0BAD8C31286816BE00A9676A /* Build configuration list for PBXNativeTarget "ecoDesigner (iOS)" */ = {
			isa = XCConfigurationList;
			buildConfigurations = (
				0BAD8C32286816BE00A9676A /* Debug */,
				0BAD8C33286816BE00A9676A /* Release */,
			);
			defaultConfigurationIsVisible = 0;
			defaultConfigurationName = Release;
		};
		0BAD8C34286816BE00A9676A /* Build configuration list for PBXNativeTarget "ecoDesigner (macOS)" */ = {
			isa = XCConfigurationList;
			buildConfigurations = (
				0BAD8C35286816BE00A9676A /* Debug */,
				0BAD8C36286816BE00A9676A /* Release */,
			);
			defaultConfigurationIsVisible = 0;
			defaultConfigurationName = Release;
		};
		0BAD8C37286816BE00A9676A /* Build configuration list for PBXNativeTarget "Tests iOS" */ = {
			isa = XCConfigurationList;
			buildConfigurations = (
				0BAD8C38286816BE00A9676A /* Debug */,
				0BAD8C39286816BE00A9676A /* Release */,
			);
			defaultConfigurationIsVisible = 0;
			defaultConfigurationName = Release;
		};
		0BAD8C3A286816BE00A9676A /* Build configuration list for PBXNativeTarget "Tests macOS" */ = {
			isa = XCConfigurationList;
			buildConfigurations = (
				0BAD8C3B286816BE00A9676A /* Debug */,
				0BAD8C3C286816BE00A9676A /* Release */,
			);
			defaultConfigurationIsVisible = 0;
			defaultConfigurationName = Release;
		};
/* End XCConfigurationList section */

/* Begin XCRemoteSwiftPackageReference section */
		0B17A04E2881F77C006613BD /* XCRemoteSwiftPackageReference "YouTubePlayerKit" */ = {
			isa = XCRemoteSwiftPackageReference;
			repositoryURL = "https://github.com/SvenTiigi/YouTubePlayerKit.git";
			requirement = {
				kind = upToNextMajorVersion;
				minimumVersion = 1.0.0;
			};
		};
/* End XCRemoteSwiftPackageReference section */

/* Begin XCSwiftPackageProductDependency section */
		0B17A04F2881F77C006613BD /* YouTubePlayerKit */ = {
			isa = XCSwiftPackageProductDependency;
			package = 0B17A04E2881F77C006613BD /* XCRemoteSwiftPackageReference "YouTubePlayerKit" */;
			productName = YouTubePlayerKit;
		};
/* End XCSwiftPackageProductDependency section */
	};
	rootObject = 0BAD8BFC286816BB00A9676A /* Project object */;
}
